github.com/jfcg/opt v0.3.0 h1:r+t4hbLD97vucimMTQlLXVKi43XVvmlv3tvs9BOPJSc=
github.com/jfcg/opt v0.3.0/go.mod h1:3ZUYQhiqKM6vVjMRYV1fVZ9a91EQ47b5kg7KsnfRClk=
github.com/jfcg/sixb v1.3.5 h1:K9b9cjTlPBH47+1xiyUftR2Edk7/qkoQv5m+MfJXbko=
github.com/jfcg/sixb v1.3.5/go.mod h1:UWrAr1q9s7pSPPqZNccmQM4N75p8GvuBYdFuq+09Qns=
